{
  "object": {
    "pins": [
      {
        "package": "Python-iOS",
        "repositoryURL": "https://github.com/kewlbear/Python-iOS.git",
        "state": {
          "branch": null,
          "revision": "4f3ca2bc0cff1ef2511555eb6114f9eb12e50412",
          "version": "0.1.1-b20230423-090254"
        }
      }
    ]
  },
  "version": 1
}
